
Microsoft Visual Studio Solution File, Format Version 12.00
# Visual Studio 15
Project("{FAE04EC0-301F-11D3-BF4B-00C04F79EFBC}") = "Assembly-CSharp", "Assembly-CSharp.csproj", "{F749F231-3A69-8A4F-8727-84DA44C5C2B4}"
EndProject
Project("{FAE04EC0-301F-11D3-BF4B-00C04F79EFBC}") = "Assembly-CSharp-Editor", "Assembly-CSharp-Editor.csproj", "{7BB2CABE-1901-E010-4660-FE5306F9A057}"
EndProject
Global
	GlobalSection(SolutionConfigurationPlatforms) = preSolution
		Debug|Any CPU = Debug|Any CPU
		Release|Any CPU = Release|Any CPU
	EndGlobalSection
	GlobalSection(ProjectConfigurationPlatforms) = postSolution
		{F749F231-3A69-8A4F-8727-84DA44C5C2B4}.Debug|Any CPU.ActiveCfg = Debug|Any CPU
		{F749F231-3A69-8A4F-8727-84DA44C5C2B4}.Debug|Any CPU.Build.0 = Debug|Any CPU
		{F749F231-3A69-8A4F-8727-84DA44C5C2B4}.Release|Any CPU.ActiveCfg = Release|Any CPU
		{F749F231-3A69-8A4F-8727-84DA44C5C2B4}.Release|Any CPU.Build.0 = Release|Any CPU
		{7BB2CABE-1901-E010-4660-FE5306F9A057}.Debug|Any CPU.ActiveCfg = Debug|Any CPU
		{7BB2CABE-1901-E010-4660-FE5306F9A057}.Debug|Any CPU.Build.0 = Debug|Any CPU
		{7BB2CABE-1901-E010-4660-FE5306F9A057}.Release|Any CPU.ActiveCfg = Release|Any CPU
		{7BB2CABE-1901-E010-4660-FE5306F9A057}.Release|Any CPU.Build.0 = Release|Any CPU
	EndGlobalSection
	GlobalSection(SolutionProperties) = preSolution
		HideSolutionNode = FALSE
	EndGlobalSection
EndGlobal
